
Microsoft Visual Studio Solution File, Format Version 12.00
# Visual Studio Version 17
VisualStudioVersion = 17.1.32210.238
MinimumVisualStudioVersion = 10.0.40219.1
Project("{FAE04EC0-301F-11D3-BF4B-00C04F79EFBC}") = "3페이지 level 1 11번 - 내적", "3페이지 level 1 11번 - 내적\3페이지 level 1 11번 - 내적.csproj", "{DCDEDD52-8F24-44C9-8555-63AEC2786B1B}"
EndProject
Project("{FAE04EC0-301F-11D3-BF4B-00C04F79EFBC}") = "3페이지 level 1 12번 - 음양더하기", "3페이지 level 1 12번 - 음양더하기\3페이지 level 1 12번 - 음양더하기.csproj", "{0779C843-08D6-4990-B7E2-02C98378BB38}"
EndProject
Project("{FAE04EC0-301F-11D3-BF4B-00C04F79EFBC}") = "3페이지 level 1 13번 - 없는숫자더하기", "3페이지 level 1 13번 - 없는숫자더하기\3페이지 level 1 13번 - 없는숫자더하기.csproj", "{80A5C09A-8A8A-4FCA-9604-068677B60AF7}"
EndProject
Project("{FAE04EC0-301F-11D3-BF4B-00C04F79EFBC}") = "3페이지 level 1 14번 - 숫자문자열과 영단어", "3페이지 level 1 14번 - 숫자문자열과 영단어\3페이지 level 1 14번 - 숫자문자열과 영단어.csproj", "{0C34F930-9760-420D-A068-5CC8E790E300}"
EndProject
Project("{FAE04EC0-301F-11D3-BF4B-00C04F79EFBC}") = "3페이지 level 1 15번 - 로또의최고순위 최저순위", "3페이지 level 1 15번 - 로또의최고순위 최저순위\3페이지 level 1 15번 - 로또의최고순위 최저순위.csproj", "{DF92E23F-40A1-44BE-8F37-67EA37CB026A}"
EndProject
Project("{FAE04EC0-301F-11D3-BF4B-00C04F79EFBC}") = "3페이지 level 1 16번 - 신고결과받기", "3페이지 level 1 16번 - 신고결과받기\3페이지 level 1 16번 - 신고결과받기.csproj", "{FB840DC5-2637-487E-BBA6-C1D6685E996F}"
EndProject
Project("{FAE04EC0-301F-11D3-BF4B-00C04F79EFBC}") = "3페이지 level 1 07번 - 체육복", "3페이지 level 1 07번 - 체육복\3페이지 level 1 07번 - 체육복.csproj", "{E056F9F0-89CC-4962-B802-10B34EC5AA5A}"
EndProject
Project("{FAE04EC0-301F-11D3-BF4B-00C04F79EFBC}") = "3페이지 level 1 08번 - 모의고사", "3페이지 level 1 08번 - 모의고사\3페이지 level 1 08번 - 모의고사.csproj", "{71A4109F-707D-405F-8AEB-913BFD96DB51}"
EndProject
Global
	GlobalSection(SolutionConfigurationPlatforms) = preSolution
		Debug|Any CPU = Debug|Any CPU
		Release|Any CPU = Release|Any CPU
	EndGlobalSection
	GlobalSection(ProjectConfigurationPlatforms) = postSolution
		{DCDEDD52-8F24-44C9-8555-63AEC2786B1B}.Debug|Any CPU.ActiveCfg = Debug|Any CPU
		{DCDEDD52-8F24-44C9-8555-63AEC2786B1B}.Debug|Any CPU.Build.0 = Debug|Any CPU
		{DCDEDD52-8F24-44C9-8555-63AEC2786B1B}.Release|Any CPU.ActiveCfg = Release|Any CPU
		{DCDEDD52-8F24-44C9-8555-63AEC2786B1B}.Release|Any CPU.Build.0 = Release|Any CPU
		{0779C843-08D6-4990-B7E2-02C98378BB38}.Debug|Any CPU.ActiveCfg = Debug|Any CPU
		{0779C843-08D6-4990-B7E2-02C98378BB38}.Debug|Any CPU.Build.0 = Debug|Any CPU
		{0779C843-08D6-4990-B7E2-02C98378BB38}.Release|Any CPU.ActiveCfg = Release|Any CPU
		{0779C843-08D6-4990-B7E2-02C98378BB38}.Release|Any CPU.Build.0 = Release|Any CPU
		{80A5C09A-8A8A-4FCA-9604-068677B60AF7}.Debug|Any CPU.ActiveCfg = Debug|Any CPU
		{80A5C09A-8A8A-4FCA-9604-068677B60AF7}.Debug|Any CPU.Build.0 = Debug|Any CPU
		{80A5C09A-8A8A-4FCA-9604-068677B60AF7}.Release|Any CPU.ActiveCfg = Release|Any CPU
		{80A5C09A-8A8A-4FCA-9604-068677B60AF7}.Release|Any CPU.Build.0 = Release|Any CPU
		{0C34F930-9760-420D-A068-5CC8E790E300}.Debug|Any CPU.ActiveCfg = Debug|Any CPU
		{0C34F930-9760-420D-A068-5CC8E790E300}.Debug|Any CPU.Build.0 = Debug|Any CPU
		{0C34F930-9760-420D-A068-5CC8E790E300}.Release|Any CPU.ActiveCfg = Release|Any CPU
		{0C34F930-9760-420D-A068-5CC8E790E300}.Release|Any CPU.Build.0 = Release|Any CPU
		{DF92E23F-40A1-44BE-8F37-67EA37CB026A}.Debug|Any CPU.ActiveCfg = Debug|Any CPU
		{DF92E23F-40A1-44BE-8F37-67EA37CB026A}.Debug|Any CPU.Build.0 = Debug|Any CPU
		{DF92E23F-40A1-44BE-8F37-67EA37CB026A}.Release|Any CPU.ActiveCfg = Release|Any CPU
		{DF92E23F-40A1-44BE-8F37-67EA37CB026A}.Release|Any CPU.Build.0 = Release|Any CPU
		{FB840DC5-2637-487E-BBA6-C1D6685E996F}.Debug|Any CPU.ActiveCfg = Debug|Any CPU
		{FB840DC5-2637-487E-BBA6-C1D6685E996F}.Debug|Any CPU.Build.0 = Debug|Any CPU
		{FB840DC5-2637-487E-BBA6-C1D6685E996F}.Release|Any CPU.ActiveCfg = Release|Any CPU
		{FB840DC5-2637-487E-BBA6-C1D6685E996F}.Release|Any CPU.Build.0 = Release|Any CPU
		{E056F9F0-89CC-4962-B802-10B34EC5AA5A}.Debug|Any CPU.ActiveCfg = Debug|Any CPU
		{E056F9F0-89CC-4962-B802-10B34EC5AA5A}.Debug|Any CPU.Build.0 = Debug|Any CPU
		{E056F9F0-89CC-4962-B802-10B34EC5AA5A}.Release|Any CPU.ActiveCfg = Release|Any CPU
		{E056F9F0-89CC-4962-B802-10B34EC5AA5A}.Release|Any CPU.Build.0 = Release|Any CPU
		{71A4109F-707D-405F-8AEB-913BFD96DB51}.Debug|Any CPU.ActiveCfg = Debug|Any CPU
		{71A4109F-707D-405F-8AEB-913BFD96DB51}.Debug|Any CPU.Build.0 = Debug|Any CPU
		{71A4109F-707D-405F-8AEB-913BFD96DB51}.Release|Any CPU.ActiveCfg = Release|Any CPU
		{71A4109F-707D-405F-8AEB-913BFD96DB51}.Release|Any CPU.Build.0 = Release|Any CPU
	EndGlobalSection
	GlobalSection(SolutionProperties) = preSolution
		HideSolutionNode = FALSE
	EndGlobalSection
	GlobalSection(ExtensibilityGlobals) = postSolution
		SolutionGuid = {40A9C489-1F46-4F02-8877-6CD79293B5ED}
	EndGlobalSection
EndGlobal
